
Microsoft Visual Studio Solution File, Format Version 12.00
# Visual Studio Version 17
VisualStudioVersion = 17.6.33815.320
MinimumVisualStudioVersion = 10.0.40219.1
Project("{FAE04EC0-301F-11D3-BF4B-00C04F79EFBC}") = "DiamondPatternAlgorithmConsoleApplication", "DiamondPatternAlgorithmConsoleApplication\DiamondPatternAlgorithmConsoleApplication.csproj", "{418DF347-0F68-4A74-B4DC-8BED071BD1B5}"
EndProject
Project("{FAE04EC0-301F-11D3-BF4B-00C04F79EFBC}") = "DiamondPatternAlgorithmConsoleApplication.Tests", "DiamondPatternAlgorithmConsoleApplication.Tests\DiamondPatternAlgorithmConsoleApplication.Tests.csproj", "{51A30C8D-9822-4261-A5BC-9880C17F6B5A}"
EndProject
Global
	GlobalSection(SolutionConfigurationPlatforms) = preSolution
		Debug|Any CPU = Debug|Any CPU
		Release|Any CPU = Release|Any CPU
	EndGlobalSection
	GlobalSection(ProjectConfigurationPlatforms) = postSolution
		{418DF347-0F68-4A74-B4DC-8BED071BD1B5}.Debug|Any CPU.ActiveCfg = Debug|Any CPU
		{418DF347-0F68-4A74-B4DC-8BED071BD1B5}.Debug|Any CPU.Build.0 = Debug|Any CPU
		{418DF347-0F68-4A74-B4DC-8BED071BD1B5}.Release|Any CPU.ActiveCfg = Release|Any CPU
		{418DF347-0F68-4A74-B4DC-8BED071BD1B5}.Release|Any CPU.Build.0 = Release|Any CPU
		{51A30C8D-9822-4261-A5BC-9880C17F6B5A}.Debug|Any CPU.ActiveCfg = Debug|Any CPU
		{51A30C8D-9822-4261-A5BC-9880C17F6B5A}.Debug|Any CPU.Build.0 = Debug|Any CPU
		{51A30C8D-9822-4261-A5BC-9880C17F6B5A}.Release|Any CPU.ActiveCfg = Release|Any CPU
		{51A30C8D-9822-4261-A5BC-9880C17F6B5A}.Release|Any CPU.Build.0 = Release|Any CPU
	EndGlobalSection
	GlobalSection(SolutionProperties) = preSolution
		HideSolutionNode = FALSE
	EndGlobalSection
	GlobalSection(ExtensibilityGlobals) = postSolution
		SolutionGuid = {0C01D00C-D456-46AF-B3D0-C92E18331EFA}
	EndGlobalSection
EndGlobal
